// !$*UTF8*$!
{
	archiveVersion = 1;
	classes = {
	};
	objectVersion = 50;
	objects = {

/* Begin PBXBuildFile section */
		ED81CAD023FBE9CE00C8CD85 /* DetailView.swift in Sources */ = {isa = PBXBuildFile; fileRef = ED81CACF23FBE9CE00C8CD85 /* DetailView.swift */; };
		ED81CAD223FBEF3800C8CD85 /* WebView.swift in Sources */ = {isa = PBXBuildFile; fileRef = ED81CAD123FBEF3800C8CD85 /* WebView.swift */; };
		ED846B9723FBCD0C0039BC13 /* AppDelegate.swift in Sources */ = {isa = PBXBuildFile; fileRef = ED846B9623FBCD0C0039BC13 /* AppDelegate.swift */; };
		ED846B9923FBCD0C0039BC13 /* SceneDelegate.swift in Sources */ = {isa = PBXBuildFile; fileRef = ED846B9823FBCD0C0039BC13 /* SceneDelegate.swift */; };
		ED846B9B23FBCD0C0039BC13 /* ContentView.swift in Sources */ = {isa = PBXBuildFile; fileRef = ED846B9A23FBCD0C0039BC13 /* ContentView.swift */; };
		ED846B9D23FBCD130039BC13 /* Assets.xcassets in Resources */ = {isa = PBXBuildFile; fileRef = ED846B9C23FBCD130039BC13 /* Assets.xcassets */; };
		ED846BA023FBCD130039BC13 /* Preview Assets.xcassets in Resources */ = {isa = PBXBuildFile; fileRef = ED846B9F23FBCD130039BC13 /* Preview Assets.xcassets */; };
		ED846BA323FBCD130039BC13 /* LaunchScreen.storyboard in Resources */ = {isa = PBXBuildFile; fileRef = ED846BA123FBCD130039BC13 /* LaunchScreen.storyboard */; };
		ED846BAC23FBDEE30039BC13 /* NetworkManager.swift in Sources */ = {isa = PBXBuildFile; fileRef = ED846BAB23FBDEE30039BC13 /* NetworkManager.swift */; };
		ED846BAE23FBE0760039BC13 /* PostData.swift in Sources */ = {isa = PBXBuildFile; fileRef = ED846BAD23FBE0760039BC13 /* PostData.swift */; };
/* End PBXBuildFile section */

/* Begin PBXFileReference section */
		ED81CACF23FBE9CE00C8CD85 /* DetailView.swift */ = {isa = PBXFileReference; lastKnownFileType = sourcecode.swift; path = DetailView.swift; sourceTree = "<group>"; };
		ED81CAD123FBEF3800C8CD85 /* WebView.swift */ = {isa = PBXFileReference; lastKnownFileType = sourcecode.swift; path = WebView.swift; sourceTree = "<group>"; };
		ED846B9323FBCD0C0039BC13 /* H4X0R News.app */ = {isa = PBXFileReference; explicitFileType = wrapper.application; includeInIndex = 0; path = "H4X0R News.app"; sourceTree = BUILT_PRODUCTS_DIR; };
		ED846B9623FBCD0C0039BC13 /* AppDelegate.swift */ = {isa = PBXFileReference; lastKnownFileType = sourcecode.swift; path = AppDelegate.swift; sourceTree = "<group>"; };
		ED846B9823FBCD0C0039BC13 /* SceneDelegate.swift */ = {isa = PBXFileReference; lastKnownFileType = sourcecode.swift; path = SceneDelegate.swift; sourceTree = "<group>"; };
		ED846B9A23FBCD0C0039BC13 /* ContentView.swift */ = {isa = PBXFileReference; lastKnownFileType = sourcecode.swift; path = ContentView.swift; sourceTree = "<group>"; };
		ED846B9C23FBCD130039BC13 /* Assets.xcassets */ = {isa = PBXFileReference; lastKnownFileType = folder.assetcatalog; path = Assets.xcassets; sourceTree = "<group>"; };
		ED846B9F23FBCD130039BC13 /* Preview Assets.xcassets */ = {isa = PBXFileReference; lastKnownFileType = folder.assetcatalog; path = "Preview Assets.xcassets"; sourceTree = "<group>"; };
		ED846BA223FBCD130039BC13 /* Base */ = {isa = PBXFileReference; lastKnownFileType = file.storyboard; name = Base; path = Base.lproj/LaunchScreen.storyboard; sourceTree = "<group>"; };
		ED846BA423FBCD130039BC13 /* Info.plist */ = {isa = PBXFileReference; lastKnownFileType = text.plist.xml; path = Info.plist; sourceTree = "<group>"; };
		ED846BAB23FBDEE30039BC13 /* NetworkManager.swift */ = {isa = PBXFileReference; lastKnownFileType = sourcecode.swift; path = NetworkManager.swift; sourceTree = "<group>"; };
		ED846BAD23FBE0760039BC13 /* PostData.swift */ = {isa = PBXFileReference; lastKnownFileType = sourcecode.swift; path = PostData.swift; sourceTree = "<group>"; };
/* End PBXFileReference section */

/* Begin PBXFrameworksBuildPhase section */
		ED846B9023FBCD0C0039BC13 /* Frameworks */ = {
			isa = PBXFrameworksBuildPhase;
			buildActionMask = 2147483647;
			files = (
			);
			runOnlyForDeploymentPostprocessing = 0;
		};
/* End PBXFrameworksBuildPhase section */

/* Begin PBXGroup section */
		ED81CACE23FBE99900C8CD85 /* Views */ = {
			isa = PBXGroup;
			children = (
				ED846B9A23FBCD0C0039BC13 /* ContentView.swift */,
				ED81CACF23FBE9CE00C8CD85 /* DetailView.swift */,
				ED81CAD123FBEF3800C8CD85 /* WebView.swift */,
			);
			path = Views;
			sourceTree = "<group>";
		};
		ED846B8A23FBCD0C0039BC13 = {
			isa = PBXGroup;
			children = (
				ED846B9523FBCD0C0039BC13 /* H4X0R News */,
				ED846B9423FBCD0C0039BC13 /* Products */,
			);
			sourceTree = "<group>";
		};
		ED846B9423FBCD0C0039BC13 /* Products */ = {
			isa = PBXGroup;
			children = (
				ED846B9323FBCD0C0039BC13 /* H4X0R News.app */,
			);
			name = Products;
			sourceTree = "<group>";
		};
		ED846B9523FBCD0C0039BC13 /* H4X0R News */ = {
			isa = PBXGroup;
			children = (
				ED846BAA23FBDEC00039BC13 /* Models */,
				ED846B9623FBCD0C0039BC13 /* AppDelegate.swift */,
				ED846B9823FBCD0C0039BC13 /* SceneDelegate.swift */,
				ED81CACE23FBE99900C8CD85 /* Views */,
				ED846B9C23FBCD130039BC13 /* Assets.xcassets */,
				ED846BA123FBCD130039BC13 /* LaunchScreen.storyboard */,
				ED846BA423FBCD130039BC13 /* Info.plist */,
				ED846B9E23FBCD130039BC13 /* Preview Content */,
			);
			path = "H4X0R News";
			sourceTree = "<group>";
		};
		ED846B9E23FBCD130039BC13 /* Preview Content */ = {
			isa = PBXGroup;
			children = (
				ED846B9F23FBCD130039BC13 /* Preview Assets.xcassets */,
			);
			path = "Preview Content";
			sourceTree = "<group>";
		};
		ED846BAA23FBDEC00039BC13 /* Models */ = {
			isa = PBXGroup;
			children = (
				ED846BAB23FBDEE30039BC13 /* NetworkManager.swift */,
				ED846BAD23FBE0760039BC13 /* PostData.swift */,
			);
			path = Models;
			sourceTree = "<group>";
		};
/* End PBXGroup section */

/* Begin PBXNativeTarget section */
		ED846B9223FBCD0C0039BC13 /* H4X0R News */ = {
			isa = PBXNativeTarget;
			buildConfigurationList = ED846BA723FBCD130039BC13 /* Build configuration list for PBXNativeTarget "H4X0R News" */;
			buildPhases = (
				ED846B8F23FBCD0C0039BC13 /* Sources */,
				ED846B9023FBCD0C0039BC13 /* Frameworks */,
				ED846B9123FBCD0C0039BC13 /* Resources */,
			);
			buildRules = (
			);
			dependencies = (
			);
			name = "H4X0R News";
			productName = "H4X0R News";
			productReference = ED846B9323FBCD0C0039BC13 /* H4X0R News.app */;
			productType = "com.apple.product-type.application";
		};
/* End PBXNativeTarget section */

/* Begin PBXProject section */
		ED846B8B23FBCD0C0039BC13 /* Project object */ = {
			isa = PBXProject;
			attributes = {
				LastSwiftUpdateCheck = 1130;
				LastUpgradeCheck = 1130;
				ORGANIZATIONNAME = "Appala Naidu";
				TargetAttributes = {
					ED846B9223FBCD0C0039BC13 = {
						CreatedOnToolsVersion = 11.3.1;
					};
				};
			};
			buildConfigurationList = ED846B8E23FBCD0C0039BC13 /* Build configuration list for PBXProject "H4X0R News" */;
			compatibilityVersion = "Xcode 9.3";
			developmentRegion = en;
			hasScannedForEncodings = 0;
			knownRegions = (
				en,
				Base,
			);
			mainGroup = ED846B8A23FBCD0C0039BC13;
			productRefGroup = ED846B9423FBCD0C0039BC13 /* Products */;
			projectDirPath = "";
			projectRoot = "";
			targets = (
				ED846B9223FBCD0C0039BC13 /* H4X0R News */,
			);
		};
/* End PBXProject section */

/* Begin PBXResourcesBuildPhase section */
		ED846B9123FBCD0C0039BC13 /* Resources */ = {
			isa = PBXResourcesBuildPhase;
			buildActionMask = 2147483647;
			files = (
				ED846BA323FBCD130039BC13 /* LaunchScreen.storyboard in Resources */,
				ED846BA023FBCD130039BC13 /* Preview Assets.xcassets in Resources */,
				ED846B9D23FBCD130039BC13 /* Assets.xcassets in Resources */,
			);
			runOnlyForDeploymentPostprocessing = 0;
		};
/* End PBXResourcesBuildPhase section */

/* Begin PBXSourcesBuildPhase section */
		ED846B8F23FBCD0C0039BC13 /* Sources */ = {
			isa = PBXSourcesBuildPhase;
			buildActionMask = 2147483647;
			files = (
				ED846BAE23FBE0760039BC13 /* PostData.swift in Sources */,
				ED81CAD023FBE9CE00C8CD85 /* DetailView.swift in Sources */,
				ED846B9723FBCD0C0039BC13 /* AppDelegate.swift in Sources */,
				ED846BAC23FBDEE30039BC13 /* NetworkManager.swift in Sources */,
				ED846B9923FBCD0C0039BC13 /* SceneDelegate.swift in Sources */,
				ED846B9B23FBCD0C0039BC13 /* ContentView.swift in Sources */,
				ED81CAD223FBEF3800C8CD85 /* WebView.swift in Sources */,
			);
			runOnlyForDeploymentPostprocessing = 0;
		};
/* End PBXSourcesBuildPhase section */

/* Begin PBXVariantGroup section */
		ED846BA123FBCD130039BC13 /* LaunchScreen.storyboard */ = {
			isa = PBXVariantGroup;
			children = (
				ED846BA223FBCD130039BC13 /* Base */,
			);
			name = LaunchScreen.storyboard;
			sourceTree = "<group>";
		};
/* End PBXVariantGroup section */

/* Begin XCBuildConfiguration section */
		ED846BA523FBCD130039BC13 /* Debug */ = {
			isa = XCBuildConfiguration;
			buildSettings = {
				ALWAYS_SEARCH_USER_PATHS = NO;
				CLANG_ANALYZER_NONNULL = YES;
				CLANG_ANALYZER_NUMBER_OBJECT_CONVERSION = YES_AGGRESSIVE;
				CLANG_CXX_LANGUAGE_STANDARD = "gnu++14";
				CLANG_CXX_LIBRARY = "libc++";
				CLANG_ENABLE_MODULES = YES;
				CLANG_ENABLE_OBJC_ARC = YES;
				CLANG_ENABLE_OBJC_WEAK = YES;
				CLANG_WARN_BLOCK_CAPTURE_AUTORELEASING = YES;
				CLANG_WARN_BOOL_CONVERSION = YES;
				CLANG_WARN_COMMA = YES;
				CLANG_WARN_CONSTANT_CONVERSION = YES;
				CLANG_WARN_DEPRECATED_OBJC_IMPLEMENTATIONS = YES;
				CLANG_WARN_DIRECT_OBJC_ISA_USAGE = YES_ERROR;
				CLANG_WARN_DOCUMENTATION_COMMENTS = YES;
				CLANG_WARN_EMPTY_BODY = YES;
				CLANG_WARN_ENUM_CONVERSION = YES;
				CLANG_WARN_INFINITE_RECURSION = YES;
				CLANG_WARN_INT_CONVERSION = YES;
				CLANG_WARN_NON_LITERAL_NULL_CONVERSION = YES;
				CLANG_WARN_OBJC_IMPLICIT_RETAIN_SELF = YES;
				CLANG_WARN_OBJC_LITERAL_CONVERSION = YES;
				CLANG_WARN_OBJC_ROOT_CLASS = YES_ERROR;
				CLANG_WARN_RANGE_LOOP_ANALYSIS = YES;
				CLANG_WARN_STRICT_PROTOTYPES = YES;
				CLANG_WARN_SUSPICIOUS_MOVE = YES;
				CLANG_WARN_UNGUARDED_AVAILABILITY = YES_AGGRESSIVE;
				CLANG_WARN_UNREACHABLE_CODE = YES;
				CLANG_WARN__DUPLICATE_METHOD_MATCH = YES;
				COPY_PHASE_STRIP = NO;
				DEBUG_INFORMATION_FORMAT = dwarf;
				ENABLE_STRICT_OBJC_MSGSEND = YES;
				ENABLE_TESTABILITY = YES;
				GCC_C_LANGUAGE_STANDARD = gnu11;
				GCC_DYNAMIC_NO_PIC = NO;
				GCC_NO_COMMON_BLOCKS = YES;
				GCC_OPTIMIZATION_LEVEL = 0;
				GCC_PREPROCESSOR_DEFINITIONS = (
					"DEBUG=1",
					"$(inherited)",
				);
				GCC_WARN_64_TO_32_BIT_CONVERSION = YES;
				GCC_WARN_ABOUT_RETURN_TYPE = YES_ERROR;
				GCC_WARN_UNDECLARED_SELECTOR = YES;
				GCC_WARN_UNINITIALIZED_AUTOS = YES_AGGRESSIVE;
				GCC_WARN_UNUSED_FUNCTION = YES;
				GCC_WARN_UNUSED_VARIABLE = YES;
				IPHONEOS_DEPLOYMENT_TARGET = 13.2;
				MTL_ENABLE_DEBUG_INFO = INCLUDE_SOURCE;
				MTL_FAST_MATH = YES;
				ONLY_ACTIVE_ARCH = YES;
				SDKROOT = iphoneos;
				SWIFT_ACTIVE_COMPILATION_CONDITIONS = DEBUG;
				SWIFT_OPTIMIZATION_LEVEL = "-Onone";
			};
			name = Debug;
		};
		ED846BA623FBCD130039BC13 /* Release */ = {
			isa = XCBuildConfiguration;
			buildSettings = {
				ALWAYS_SEARCH_USER_PATHS = NO;
				CLANG_ANALYZER_NONNULL = YES;
				CLANG_ANALYZER_NUMBER_OBJECT_CONVERSION = YES_AGGRESSIVE;
				CLANG_CXX_LANGUAGE_STANDARD = "gnu++14";
				CLANG_CXX_LIBRARY = "libc++";
				CLANG_ENABLE_MODULES = YES;
				CLANG_ENABLE_OBJC_ARC = YES;
				CLANG_ENABLE_OBJC_WEAK = YES;
				CLANG_WARN_BLOCK_CAPTURE_AUTORELEASING = YES;
				CLANG_WARN_BOOL_CONVERSION = YES;
				CLANG_WARN_COMMA = YES;
				CLANG_WARN_CONSTANT_CONVERSION = YES;
				CLANG_WARN_DEPRECATED_OBJC_IMPLEMENTATIONS = YES;
				CLANG_WARN_DIRECT_OBJC_ISA_USAGE = YES_ERROR;
				CLANG_WARN_DOCUMENTATION_COMMENTS = YES;
				CLANG_WARN_EMPTY_BODY = YES;
				CLANG_WARN_ENUM_CONVERSION = YES;
				CLANG_WARN_INFINITE_RECURSION = YES;
				CLANG_WARN_INT_CONVERSION = YES;
				CLANG_WARN_NON_LITERAL_NULL_CONVERSION = YES;
				CLANG_WARN_OBJC_IMPLICIT_RETAIN_SELF = YES;
				CLANG_WARN_OBJC_LITERAL_CONVERSION = YES;
				CLANG_WARN_OBJC_ROOT_CLASS = YES_ERROR;
				CLANG_WARN_RANGE_LOOP_ANALYSIS = YES;
				CLANG_WARN_STRICT_PROTOTYPES = YES;
				CLANG_WARN_SUSPICIOUS_MOVE = YES;
				CLANG_WARN_UNGUARDED_AVAILABILITY = YES_AGGRESSIVE;
				CLANG_WARN_UNREACHABLE_CODE = YES;
				CLANG_WARN__DUPLICATE_METHOD_MATCH = YES;
				COPY_PHASE_STRIP = NO;
				DEBUG_INFORMATION_FORMAT = "dwarf-with-dsym";
				ENABLE_NS_ASSERTIONS = NO;
				ENABLE_STRICT_OBJC_MSGSEND = YES;
				GCC_C_LANGUAGE_STANDARD = gnu11;
				GCC_NO_COMMON_BLOCKS = YES;
				GCC_WARN_64_TO_32_BIT_CONVERSION = YES;
				GCC_WARN_ABOUT_RETURN_TYPE = YES_ERROR;
				GCC_WARN_UNDECLARED_SELECTOR = YES;
				GCC_WARN_UNINITIALIZED_AUTOS = YES_AGGRESSIVE;
				GCC_WARN_UNUSED_FUNCTION = YES;
				GCC_WARN_UNUSED_VARIABLE = YES;
				IPHONEOS_DEPLOYMENT_TARGET = 13.2;
				MTL_ENABLE_DEBUG_INFO = NO;
				MTL_FAST_MATH = YES;
				SDKROOT = iphoneos;
				SWIFT_COMPILATION_MODE = wholemodule;
				SWIFT_OPTIMIZATION_LEVEL = "-O";
				VALIDATE_PRODUCT = YES;
			};
			name = Release;
		};
		ED846BA823FBCD130039BC13 /* Debug */ = {
			isa = XCBuildConfiguration;
			buildSettings = {
				ASSETCATALOG_COMPILER_APPICON_NAME = AppIcon;
				CODE_SIGN_STYLE = Automatic;
				DEVELOPMENT_ASSET_PATHS = "\"H4X0R News/Preview Content\"";
				DEVELOPMENT_TEAM = 4HJQ8Y743Z;
				ENABLE_PREVIEWS = YES;
				INFOPLIST_FILE = "H4X0R News/Info.plist";
				LD_RUNPATH_SEARCH_PATHS = (
					"$(inherited)",
					"@executable_path/Frameworks",
				);
				PRODUCT_BUNDLE_IDENTIFIER = "example.chanti.H4X0R-News";
				PRODUCT_NAME = "$(TARGET_NAME)";
				SWIFT_VERSION = 5.0;
				TARGETED_DEVICE_FAMILY = "1,2";
			};
			name = Debug;
		};
		ED846BA923FBCD130039BC13 /* Release */ = {
			isa = XCBuildConfiguration;
			buildSettings = {
				ASSETCATALOG_COMPILER_APPICON_NAME = AppIcon;
				CODE_SIGN_STYLE = Automatic;
				DEVELOPMENT_ASSET_PATHS = "\"H4X0R News/Preview Content\"";
				DEVELOPMENT_TEAM = 4HJQ8Y743Z;
				ENABLE_PREVIEWS = YES;
				INFOPLIST_FILE = "H4X0R News/Info.plist";
				LD_RUNPATH_SEARCH_PATHS = (
					"$(inherited)",
					"@executable_path/Frameworks",
				);
				PRODUCT_BUNDLE_IDENTIFIER = "example.chanti.H4X0R-News";
				PRODUCT_NAME = "$(TARGET_NAME)";
				SWIFT_VERSION = 5.0;
				TARGETED_DEVICE_FAMILY = "1,2";
			};
			name = Release;
		};
/* End XCBuildConfiguration section */

/* Begin XCConfigurationList section */
		ED846B8E23FBCD0C0039BC13 /* Build configuration list for PBXProject "H4X0R News" */ = {
			isa = XCConfigurationList;
			buildConfigurations = (
				ED846BA523FBCD130039BC13 /* Debug */,
				ED846BA623FBCD130039BC13 /* Release */,
			);
			defaultConfigurationIsVisible = 0;
			defaultConfigurationName = Release;
		};
		ED846BA723FBCD130039BC13 /* Build configuration list for PBXNativeTarget "H4X0R News" */ = {
			isa = XCConfigurationList;
			buildConfigurations = (
				ED846BA823FBCD130039BC13 /* Debug */,
				ED846BA923FBCD130039BC13 /* Release */,
			);
			defaultConfigurationIsVisible = 0;
			defaultConfigurationName = Release;
		};
/* End XCConfigurationList section */
	};
	rootObject = ED846B8B23FBCD0C0039BC13 /* Project object */;
}
